
Microsoft Visual Studio Solution File, Format Version 12.00
# Visual Studio Version 16
VisualStudioVersion = 16.0.30503.244
MinimumVisualStudioVersion = 10.0.40219.1
Project("{FAE04EC0-301F-11D3-BF4B-00C04F79EFBC}") = "Plarium_Lesson4", "Plarium_Lesson4\Plarium_Lesson4.csproj", "{33F80830-BC4A-419F-85C2-CB5903A37788}"
EndProject
Project("{FAE04EC0-301F-11D3-BF4B-00C04F79EFBC}") = "TaskC", "TaskC\TaskC.csproj", "{6AE08B2C-7158-4E9F-A669-17C2E81F7593}"
EndProject
Global
	GlobalSection(SolutionConfigurationPlatforms) = preSolution
		Debug|Any CPU = Debug|Any CPU
		Release|Any CPU = Release|Any CPU
	EndGlobalSection
	GlobalSection(ProjectConfigurationPlatforms) = postSolution
		{33F80830-BC4A-419F-85C2-CB5903A37788}.Debug|Any CPU.ActiveCfg = Debug|Any CPU
		{33F80830-BC4A-419F-85C2-CB5903A37788}.Debug|Any CPU.Build.0 = Debug|Any CPU
		{33F80830-BC4A-419F-85C2-CB5903A37788}.Release|Any CPU.ActiveCfg = Release|Any CPU
		{33F80830-BC4A-419F-85C2-CB5903A37788}.Release|Any CPU.Build.0 = Release|Any CPU
		{6AE08B2C-7158-4E9F-A669-17C2E81F7593}.Debug|Any CPU.ActiveCfg = Debug|Any CPU
		{6AE08B2C-7158-4E9F-A669-17C2E81F7593}.Debug|Any CPU.Build.0 = Debug|Any CPU
		{6AE08B2C-7158-4E9F-A669-17C2E81F7593}.Release|Any CPU.ActiveCfg = Release|Any CPU
		{6AE08B2C-7158-4E9F-A669-17C2E81F7593}.Release|Any CPU.Build.0 = Release|Any CPU
	EndGlobalSection
	GlobalSection(SolutionProperties) = preSolution
		HideSolutionNode = FALSE
	EndGlobalSection
	GlobalSection(ExtensibilityGlobals) = postSolution
		SolutionGuid = {7AA27234-AF74-4971-9CD0-2508E4D0E333}
	EndGlobalSection
EndGlobal
